// !$*UTF8*$!
{
	archiveVersion = 1;
	classes = {
	};
	objectVersion = 56;
	objects = {

/* Begin PBXBuildFile section */
		8107773D290B082900E67DD4 /* ColourSelectorApp.swift in Sources */ = {isa = PBXBuildFile; fileRef = 8107773C290B082900E67DD4 /* ColourSelectorApp.swift */; };
		8107773F290B082900E67DD4 /* ContentView.swift in Sources */ = {isa = PBXBuildFile; fileRef = 8107773E290B082900E67DD4 /* ContentView.swift */; };
		81077741290B082A00E67DD4 /* Assets.xcassets in Resources */ = {isa = PBXBuildFile; fileRef = 81077740290B082A00E67DD4 /* Assets.xcassets */; };
		81077744290B082A00E67DD4 /* Preview Assets.xcassets in Resources */ = {isa = PBXBuildFile; fileRef = 81077743290B082A00E67DD4 /* Preview Assets.xcassets */; };
		8107774D290B123200E67DD4 /* ColourSwatchView.swift in Sources */ = {isa = PBXBuildFile; fileRef = 8107774C290B123200E67DD4 /* ColourSwatchView.swift */; };
		81077752290B5B5200E67DD4 /* MonochromaticPaletteView.swift in Sources */ = {isa = PBXBuildFile; fileRef = 81077751290B5B5200E67DD4 /* MonochromaticPaletteView.swift */; };
		81077755290B5DD400E67DD4 /* SavedPalette.swift in Sources */ = {isa = PBXBuildFile; fileRef = 81077754290B5DD400E67DD4 /* SavedPalette.swift */; };
		81077757290B684300E67DD4 /* SavedPalettesView.swift in Sources */ = {isa = PBXBuildFile; fileRef = 81077756290B684300E67DD4 /* SavedPalettesView.swift */; };
		810777AA290C49B500E67DD4 /* SharedFunctions.swift in Sources */ = {isa = PBXBuildFile; fileRef = 810777A9290C49B500E67DD4 /* SharedFunctions.swift */; };
/* End PBXBuildFile section */

/* Begin PBXFileReference section */
		81077739290B082900E67DD4 /* ColourSelector.app */ = {isa = PBXFileReference; explicitFileType = wrapper.application; includeInIndex = 0; path = ColourSelector.app; sourceTree = BUILT_PRODUCTS_DIR; };
		8107773C290B082900E67DD4 /* ColourSelectorApp.swift */ = {isa = PBXFileReference; lastKnownFileType = sourcecode.swift; path = ColourSelectorApp.swift; sourceTree = "<group>"; };
		8107773E290B082900E67DD4 /* ContentView.swift */ = {isa = PBXFileReference; lastKnownFileType = sourcecode.swift; path = ContentView.swift; sourceTree = "<group>"; };
		81077740290B082A00E67DD4 /* Assets.xcassets */ = {isa = PBXFileReference; lastKnownFileType = folder.assetcatalog; path = Assets.xcassets; sourceTree = "<group>"; };
		81077743290B082A00E67DD4 /* Preview Assets.xcassets */ = {isa = PBXFileReference; lastKnownFileType = folder.assetcatalog; path = "Preview Assets.xcassets"; sourceTree = "<group>"; };
		8107774C290B123200E67DD4 /* ColourSwatchView.swift */ = {isa = PBXFileReference; lastKnownFileType = sourcecode.swift; path = ColourSwatchView.swift; sourceTree = "<group>"; };
		81077751290B5B5200E67DD4 /* MonochromaticPaletteView.swift */ = {isa = PBXFileReference; lastKnownFileType = sourcecode.swift; path = MonochromaticPaletteView.swift; sourceTree = "<group>"; };
		81077754290B5DD400E67DD4 /* SavedPalette.swift */ = {isa = PBXFileReference; lastKnownFileType = sourcecode.swift; path = SavedPalette.swift; sourceTree = "<group>"; };
		81077756290B684300E67DD4 /* SavedPalettesView.swift */ = {isa = PBXFileReference; lastKnownFileType = sourcecode.swift; path = SavedPalettesView.swift; sourceTree = "<group>"; };
		810777A9290C49B500E67DD4 /* SharedFunctions.swift */ = {isa = PBXFileReference; lastKnownFileType = sourcecode.swift; path = SharedFunctions.swift; sourceTree = "<group>"; };
/* End PBXFileReference section */

/* Begin PBXFrameworksBuildPhase section */
		81077736290B082900E67DD4 /* Frameworks */ = {
			isa = PBXFrameworksBuildPhase;
			buildActionMask = 2147483647;
			files = (
			);
			runOnlyForDeploymentPostprocessing = 0;
		};
/* End PBXFrameworksBuildPhase section */

/* Begin PBXGroup section */
		81077730290B082900E67DD4 = {
			isa = PBXGroup;
			children = (
				8107773B290B082900E67DD4 /* ColourSelector */,
				8107773A290B082900E67DD4 /* Products */,
			);
			sourceTree = "<group>";
		};
		8107773A290B082900E67DD4 /* Products */ = {
			isa = PBXGroup;
			children = (
				81077739290B082900E67DD4 /* ColourSelector.app */,
			);
			name = Products;
			sourceTree = "<group>";
		};
		8107773B290B082900E67DD4 /* ColourSelector */ = {
			isa = PBXGroup;
			children = (
				8107773C290B082900E67DD4 /* ColourSelectorApp.swift */,
				810777A8290C49A600E67DD4 /* Functions */,
				81077753290B5DC200E67DD4 /* Model */,
				8107774A290B11FF00E67DD4 /* Views */,
				81077740290B082A00E67DD4 /* Assets.xcassets */,
				81077742290B082A00E67DD4 /* Preview Content */,
			);
			path = ColourSelector;
			sourceTree = "<group>";
		};
		81077742290B082A00E67DD4 /* Preview Content */ = {
			isa = PBXGroup;
			children = (
				81077743290B082A00E67DD4 /* Preview Assets.xcassets */,
			);
			path = "Preview Content";
			sourceTree = "<group>";
		};
		8107774A290B11FF00E67DD4 /* Views */ = {
			isa = PBXGroup;
			children = (
				8107774B290B120E00E67DD4 /* Helpers */,
				8107773E290B082900E67DD4 /* ContentView.swift */,
				81077756290B684300E67DD4 /* SavedPalettesView.swift */,
			);
			path = Views;
			sourceTree = "<group>";
		};
		8107774B290B120E00E67DD4 /* Helpers */ = {
			isa = PBXGroup;
			children = (
				8107774C290B123200E67DD4 /* ColourSwatchView.swift */,
				81077751290B5B5200E67DD4 /* MonochromaticPaletteView.swift */,
			);
			path = Helpers;
			sourceTree = "<group>";
		};
		81077753290B5DC200E67DD4 /* Model */ = {
			isa = PBXGroup;
			children = (
				81077754290B5DD400E67DD4 /* SavedPalette.swift */,
			);
			path = Model;
			sourceTree = "<group>";
		};
		810777A8290C49A600E67DD4 /* Functions */ = {
			isa = PBXGroup;
			children = (
				810777A9290C49B500E67DD4 /* SharedFunctions.swift */,
			);
			path = Functions;
			sourceTree = "<group>";
		};
/* End PBXGroup section */

/* Begin PBXNativeTarget section */
		81077738290B082900E67DD4 /* ColourSelector */ = {
			isa = PBXNativeTarget;
			buildConfigurationList = 81077747290B082A00E67DD4 /* Build configuration list for PBXNativeTarget "ColourSelector" */;
			buildPhases = (
				81077735290B082900E67DD4 /* Sources */,
				81077736290B082900E67DD4 /* Frameworks */,
				81077737290B082900E67DD4 /* Resources */,
			);
			buildRules = (
			);
			dependencies = (
			);
			name = ColourSelector;
			productName = ColourSelector;
			productReference = 81077739290B082900E67DD4 /* ColourSelector.app */;
			productType = "com.apple.product-type.application";
		};
/* End PBXNativeTarget section */

/* Begin PBXProject section */
		81077731290B082900E67DD4 /* Project object */ = {
			isa = PBXProject;
			attributes = {
				BuildIndependentTargetsInParallel = 1;
				LastSwiftUpdateCheck = 1400;
				LastUpgradeCheck = 1400;
				TargetAttributes = {
					81077738290B082900E67DD4 = {
						CreatedOnToolsVersion = 14.0.1;
					};
				};
			};
			buildConfigurationList = 81077734290B082900E67DD4 /* Build configuration list for PBXProject "ColourSelector" */;
			compatibilityVersion = "Xcode 14.0";
			developmentRegion = en;
			hasScannedForEncodings = 0;
			knownRegions = (
				en,
				Base,
			);
			mainGroup = 81077730290B082900E67DD4;
			productRefGroup = 8107773A290B082900E67DD4 /* Products */;
			projectDirPath = "";
			projectRoot = "";
			targets = (
				81077738290B082900E67DD4 /* ColourSelector */,
			);
		};
/* End PBXProject section */

/* Begin PBXResourcesBuildPhase section */
		81077737290B082900E67DD4 /* Resources */ = {
			isa = PBXResourcesBuildPhase;
			buildActionMask = 2147483647;
			files = (
				81077744290B082A00E67DD4 /* Preview Assets.xcassets in Resources */,
				81077741290B082A00E67DD4 /* Assets.xcassets in Resources */,
			);
			runOnlyForDeploymentPostprocessing = 0;
		};
/* End PBXResourcesBuildPhase section */

/* Begin PBXSourcesBuildPhase section */
		81077735290B082900E67DD4 /* Sources */ = {
			isa = PBXSourcesBuildPhase;
			buildActionMask = 2147483647;
			files = (
				81077757290B684300E67DD4 /* SavedPalettesView.swift in Sources */,
				8107773F290B082900E67DD4 /* ContentView.swift in Sources */,
				8107773D290B082900E67DD4 /* ColourSelectorApp.swift in Sources */,
				81077752290B5B5200E67DD4 /* MonochromaticPaletteView.swift in Sources */,
				8107774D290B123200E67DD4 /* ColourSwatchView.swift in Sources */,
				810777AA290C49B500E67DD4 /* SharedFunctions.swift in Sources */,
				81077755290B5DD400E67DD4 /* SavedPalette.swift in Sources */,
			);
			runOnlyForDeploymentPostprocessing = 0;
		};
/* End PBXSourcesBuildPhase section */

/* Begin XCBuildConfiguration section */
		81077745290B082A00E67DD4 /* Debug */ = {
			isa = XCBuildConfiguration;
			buildSettings = {
				ALWAYS_SEARCH_USER_PATHS = NO;
				CLANG_ANALYZER_NONNULL = YES;
				CLANG_ANALYZER_NUMBER_OBJECT_CONVERSION = YES_AGGRESSIVE;
				CLANG_CXX_LANGUAGE_STANDARD = "gnu++20";
				CLANG_ENABLE_MODULES = YES;
				CLANG_ENABLE_OBJC_ARC = YES;
				CLANG_ENABLE_OBJC_WEAK = YES;
				CLANG_WARN_BLOCK_CAPTURE_AUTORELEASING = YES;
				CLANG_WARN_BOOL_CONVERSION = YES;
				CLANG_WARN_COMMA = YES;
				CLANG_WARN_CONSTANT_CONVERSION = YES;
				CLANG_WARN_DEPRECATED_OBJC_IMPLEMENTATIONS = YES;
				CLANG_WARN_DIRECT_OBJC_ISA_USAGE = YES_ERROR;
				CLANG_WARN_DOCUMENTATION_COMMENTS = YES;
				CLANG_WARN_EMPTY_BODY = YES;
				CLANG_WARN_ENUM_CONVERSION = YES;
				CLANG_WARN_INFINITE_RECURSION = YES;
				CLANG_WARN_INT_CONVERSION = YES;
				CLANG_WARN_NON_LITERAL_NULL_CONVERSION = YES;
				CLANG_WARN_OBJC_IMPLICIT_RETAIN_SELF = YES;
				CLANG_WARN_OBJC_LITERAL_CONVERSION = YES;
				CLANG_WARN_OBJC_ROOT_CLASS = YES_ERROR;
				CLANG_WARN_QUOTED_INCLUDE_IN_FRAMEWORK_HEADER = YES;
				CLANG_WARN_RANGE_LOOP_ANALYSIS = YES;
				CLANG_WARN_STRICT_PROTOTYPES = YES;
				CLANG_WARN_SUSPICIOUS_MOVE = YES;
				CLANG_WARN_UNGUARDED_AVAILABILITY = YES_AGGRESSIVE;
				CLANG_WARN_UNREACHABLE_CODE = YES;
				CLANG_WARN__DUPLICATE_METHOD_MATCH = YES;
				COPY_PHASE_STRIP = NO;
				DEBUG_INFORMATION_FORMAT = dwarf;
				ENABLE_STRICT_OBJC_MSGSEND = YES;
				ENABLE_TESTABILITY = YES;
				GCC_C_LANGUAGE_STANDARD = gnu11;
				GCC_DYNAMIC_NO_PIC = NO;
				GCC_NO_COMMON_BLOCKS = YES;
				GCC_OPTIMIZATION_LEVEL = 0;
				GCC_PREPROCESSOR_DEFINITIONS = (
					"DEBUG=1",
					"$(inherited)",
				);
				GCC_WARN_64_TO_32_BIT_CONVERSION = YES;
				GCC_WARN_ABOUT_RETURN_TYPE = YES_ERROR;
				GCC_WARN_UNDECLARED_SELECTOR = YES;
				GCC_WARN_UNINITIALIZED_AUTOS = YES_AGGRESSIVE;
				GCC_WARN_UNUSED_FUNCTION = YES;
				GCC_WARN_UNUSED_VARIABLE = YES;
				IPHONEOS_DEPLOYMENT_TARGET = 16.0;
				MTL_ENABLE_DEBUG_INFO = INCLUDE_SOURCE;
				MTL_FAST_MATH = YES;
				ONLY_ACTIVE_ARCH = YES;
				SDKROOT = iphoneos;
				SWIFT_ACTIVE_COMPILATION_CONDITIONS = DEBUG;
				SWIFT_OPTIMIZATION_LEVEL = "-Onone";
			};
			name = Debug;
		};
		81077746290B082A00E67DD4 /* Release */ = {
			isa = XCBuildConfiguration;
			buildSettings = {
				ALWAYS_SEARCH_USER_PATHS = NO;
				CLANG_ANALYZER_NONNULL = YES;
				CLANG_ANALYZER_NUMBER_OBJECT_CONVERSION = YES_AGGRESSIVE;
				CLANG_CXX_LANGUAGE_STANDARD = "gnu++20";
				CLANG_ENABLE_MODULES = YES;
				CLANG_ENABLE_OBJC_ARC = YES;
				CLANG_ENABLE_OBJC_WEAK = YES;
				CLANG_WARN_BLOCK_CAPTURE_AUTORELEASING = YES;
				CLANG_WARN_BOOL_CONVERSION = YES;
				CLANG_WARN_COMMA = YES;
				CLANG_WARN_CONSTANT_CONVERSION = YES;
				CLANG_WARN_DEPRECATED_OBJC_IMPLEMENTATIONS = YES;
				CLANG_WARN_DIRECT_OBJC_ISA_USAGE = YES_ERROR;
				CLANG_WARN_DOCUMENTATION_COMMENTS = YES;
				CLANG_WARN_EMPTY_BODY = YES;
				CLANG_WARN_ENUM_CONVERSION = YES;
				CLANG_WARN_INFINITE_RECURSION = YES;
				CLANG_WARN_INT_CONVERSION = YES;
				CLANG_WARN_NON_LITERAL_NULL_CONVERSION = YES;
				CLANG_WARN_OBJC_IMPLICIT_RETAIN_SELF = YES;
				CLANG_WARN_OBJC_LITERAL_CONVERSION = YES;
				CLANG_WARN_OBJC_ROOT_CLASS = YES_ERROR;
				CLANG_WARN_QUOTED_INCLUDE_IN_FRAMEWORK_HEADER = YES;
				CLANG_WARN_RANGE_LOOP_ANALYSIS = YES;
				CLANG_WARN_STRICT_PROTOTYPES = YES;
				CLANG_WARN_SUSPICIOUS_MOVE = YES;
				CLANG_WARN_UNGUARDED_AVAILABILITY = YES_AGGRESSIVE;
				CLANG_WARN_UNREACHABLE_CODE = YES;
				CLANG_WARN__DUPLICATE_METHOD_MATCH = YES;
				COPY_PHASE_STRIP = NO;
				DEBUG_INFORMATION_FORMAT = "dwarf-with-dsym";
				ENABLE_NS_ASSERTIONS = NO;
				ENABLE_STRICT_OBJC_MSGSEND = YES;
				GCC_C_LANGUAGE_STANDARD = gnu11;
				GCC_NO_COMMON_BLOCKS = YES;
				GCC_WARN_64_TO_32_BIT_CONVERSION = YES;
				GCC_WARN_ABOUT_RETURN_TYPE = YES_ERROR;
				GCC_WARN_UNDECLARED_SELECTOR = YES;
				GCC_WARN_UNINITIALIZED_AUTOS = YES_AGGRESSIVE;
				GCC_WARN_UNUSED_FUNCTION = YES;
				GCC_WARN_UNUSED_VARIABLE = YES;
				IPHONEOS_DEPLOYMENT_TARGET = 16.0;
				MTL_ENABLE_DEBUG_INFO = NO;
				MTL_FAST_MATH = YES;
				SDKROOT = iphoneos;
				SWIFT_COMPILATION_MODE = wholemodule;
				SWIFT_OPTIMIZATION_LEVEL = "-O";
				VALIDATE_PRODUCT = YES;
			};
			name = Release;
		};
		81077748290B082A00E67DD4 /* Debug */ = {
			isa = XCBuildConfiguration;
			buildSettings = {
				ASSETCATALOG_COMPILER_APPICON_NAME = AppIcon;
				ASSETCATALOG_COMPILER_GLOBAL_ACCENT_COLOR_NAME = AccentColor;
				CODE_SIGN_STYLE = Automatic;
				CURRENT_PROJECT_VERSION = 1;
				DEVELOPMENT_ASSET_PATHS = "\"ColourSelector/Preview Content\"";
				DEVELOPMENT_TEAM = U2ZN2W2UQJ;
				ENABLE_PREVIEWS = YES;
				GENERATE_INFOPLIST_FILE = YES;
				INFOPLIST_KEY_UIApplicationSceneManifest_Generation = YES;
				INFOPLIST_KEY_UIApplicationSupportsIndirectInputEvents = YES;
				INFOPLIST_KEY_UILaunchScreen_Generation = YES;
				INFOPLIST_KEY_UISupportedInterfaceOrientations_iPad = "UIInterfaceOrientationPortrait UIInterfaceOrientationPortraitUpsideDown UIInterfaceOrientationLandscapeLeft UIInterfaceOrientationLandscapeRight";
				INFOPLIST_KEY_UISupportedInterfaceOrientations_iPhone = "UIInterfaceOrientationPortrait UIInterfaceOrientationLandscapeLeft UIInterfaceOrientationLandscapeRight";
				LD_RUNPATH_SEARCH_PATHS = (
					"$(inherited)",
					"@executable_path/Frameworks",
				);
				MARKETING_VERSION = 1.0;
				PRODUCT_BUNDLE_IDENTIFIER = ca.russellgordon.ColourSelector;
				PRODUCT_NAME = "$(TARGET_NAME)";
				SWIFT_EMIT_LOC_STRINGS = YES;
				SWIFT_VERSION = 5.0;
				TARGETED_DEVICE_FAMILY = "1,2";
			};
			name = Debug;
		};
		81077749290B082A00E67DD4 /* Release */ = {
			isa = XCBuildConfiguration;
			buildSettings = {
				ASSETCATALOG_COMPILER_APPICON_NAME = AppIcon;
				ASSETCATALOG_COMPILER_GLOBAL_ACCENT_COLOR_NAME = AccentColor;
				CODE_SIGN_STYLE = Automatic;
				CURRENT_PROJECT_VERSION = 1;
				DEVELOPMENT_ASSET_PATHS = "\"ColourSelector/Preview Content\"";
				DEVELOPMENT_TEAM = U2ZN2W2UQJ;
				ENABLE_PREVIEWS = YES;
				GENERATE_INFOPLIST_FILE = YES;
				INFOPLIST_KEY_UIApplicationSceneManifest_Generation = YES;
				INFOPLIST_KEY_UIApplicationSupportsIndirectInputEvents = YES;
				INFOPLIST_KEY_UILaunchScreen_Generation = YES;
				INFOPLIST_KEY_UISupportedInterfaceOrientations_iPad = "UIInterfaceOrientationPortrait UIInterfaceOrientationPortraitUpsideDown UIInterfaceOrientationLandscapeLeft UIInterfaceOrientationLandscapeRight";
				INFOPLIST_KEY_UISupportedInterfaceOrientations_iPhone = "UIInterfaceOrientationPortrait UIInterfaceOrientationLandscapeLeft UIInterfaceOrientationLandscapeRight";
				LD_RUNPATH_SEARCH_PATHS = (
					"$(inherited)",
					"@executable_path/Frameworks",
				);
				MARKETING_VERSION = 1.0;
				PRODUCT_BUNDLE_IDENTIFIER = ca.russellgordon.ColourSelector;
				PRODUCT_NAME = "$(TARGET_NAME)";
				SWIFT_EMIT_LOC_STRINGS = YES;
				SWIFT_VERSION = 5.0;
				TARGETED_DEVICE_FAMILY = "1,2";
			};
			name = Release;
		};
/* End XCBuildConfiguration section */

/* Begin XCConfigurationList section */
		81077734290B082900E67DD4 /* Build configuration list for PBXProject "ColourSelector" */ = {
			isa = XCConfigurationList;
			buildConfigurations = (
				81077745290B082A00E67DD4 /* Debug */,
				81077746290B082A00E67DD4 /* Release */,
			);
			defaultConfigurationIsVisible = 0;
			defaultConfigurationName = Release;
		};
		81077747290B082A00E67DD4 /* Build configuration list for PBXNativeTarget "ColourSelector" */ = {
			isa = XCConfigurationList;
			buildConfigurations = (
				81077748290B082A00E67DD4 /* Debug */,
				81077749290B082A00E67DD4 /* Release */,
			);
			defaultConfigurationIsVisible = 0;
			defaultConfigurationName = Release;
		};
/* End XCConfigurationList section */
	};
	rootObject = 81077731290B082900E67DD4 /* Project object */;
}
